
Microsoft Visual Studio Solution File, Format Version 12.00
# Visual Studio Version 16
VisualStudioVersion = 16.0.28922.388
MinimumVisualStudioVersion = 10.0.40219.1
Project("{FAE04EC0-301F-11D3-BF4B-00C04F79EFBC}") = "MonsterCardsWebApp", "MonsterCardsWebApp\MonsterCardsWebApp.csproj", "{F2D74461-88C6-4CB8-B912-AB363C11A273}"
EndProject
Global
	GlobalSection(SolutionConfigurationPlatforms) = preSolution
		Debug|Any CPU = Debug|Any CPU
		Release|Any CPU = Release|Any CPU
	EndGlobalSection
	GlobalSection(ProjectConfigurationPlatforms) = postSolution
		{F2D74461-88C6-4CB8-B912-AB363C11A273}.Debug|Any CPU.ActiveCfg = Debug|Any CPU
		{F2D74461-88C6-4CB8-B912-AB363C11A273}.Debug|Any CPU.Build.0 = Debug|Any CPU
		{F2D74461-88C6-4CB8-B912-AB363C11A273}.Release|Any CPU.ActiveCfg = Release|Any CPU
		{F2D74461-88C6-4CB8-B912-AB363C11A273}.Release|Any CPU.Build.0 = Release|Any CPU
	EndGlobalSection
	GlobalSection(SolutionProperties) = preSolution
		HideSolutionNode = FALSE
	EndGlobalSection
	GlobalSection(ExtensibilityGlobals) = postSolution
		SolutionGuid = {8538CAFF-AE44-40AD-9943-72F5A5CF1908}
	EndGlobalSection
EndGlobal
